{
  "nodes": {
    "nixpkgs": {
      "locked": {
        "lastModified": 1687567565,
        "narHash": "sha256-C11H266L/GisqM/J/5c2B3dM9TYOs4ElG2+2vzyHsTY=",
        "owner": "NixOS",
        "repo": "nixpkgs",
        "rev": "b0af7d71618818f9a6f2b9578495b2cc0285b845",
        "type": "github"
      },
      "original": {
        "owner": "NixOS",
        "repo": "nixpkgs",
        "type": "github"
      }
    },
    "root": {
      "inputs": {
        "nixpkgs": "nixpkgs"
      }
    }
  },
  "root": "root",
  "version": 7
}
