{
  "nodes": {
    "nixpkgs": {
      "locked": {
        "lastModified": 1687883259,
        "narHash": "sha256-m7Xn6V7YlMb238631FTgcR5B0u+R6r6OeNs5B7+q04c=",
        "owner": "NixOS",
        "repo": "nixpkgs",
        "rev": "b0caf7e507db3f5ccf95b6f18d16cda31872277c",
        "type": "github"
      },
      "original": {
        "owner": "NixOS",
        "repo": "nixpkgs",
        "type": "github"
      }
    },
    "root": {
      "inputs": {
        "nixpkgs": "nixpkgs"
      }
    }
  },
  "root": "root",
  "version": 7
}
