{
  "nodes": {
    "nixpkgs": {
      "locked": {
        "lastModified": 1687636118,
        "narHash": "sha256-xC5iuuSzQKLR35AkM2eYj83tV5PbwsLvh10DHqzFyZ8=",
        "owner": "NixOS",
        "repo": "nixpkgs",
        "rev": "7824946e1b5e325c29354802ac032eb7f96884e7",
        "type": "github"
      },
      "original": {
        "owner": "NixOS",
        "repo": "nixpkgs",
        "type": "github"
      }
    },
    "root": {
      "inputs": {
        "nixpkgs": "nixpkgs"
      }
    }
  },
  "root": "root",
  "version": 7
}
